
Microsoft Visual Studio Solution File, Format Version 12.00
# Visual Studio Version 17
VisualStudioVersion = 17.7.34009.444
MinimumVisualStudioVersion = 10.0.40219.1
Project("{FAE04EC0-301F-11D3-BF4B-00C04F79EFBC}") = "Konzol", "Konzol\Konzol.csproj", "{62AD3C0A-C69D-478A-8810-5A2B74E239F5}"
EndProject
Project("{FAE04EC0-301F-11D3-BF4B-00C04F79EFBC}") = "ClassLibrary", "ClassLibrary\ClassLibrary.csproj", "{E7D02467-426F-475C-870F-E058E840D640}"
EndProject
Global
	GlobalSection(SolutionConfigurationPlatforms) = preSolution
		Debug|Any CPU = Debug|Any CPU
		Release|Any CPU = Release|Any CPU
	EndGlobalSection
	GlobalSection(ProjectConfigurationPlatforms) = postSolution
		{62AD3C0A-C69D-478A-8810-5A2B74E239F5}.Debug|Any CPU.ActiveCfg = Debug|Any CPU
		{62AD3C0A-C69D-478A-8810-5A2B74E239F5}.Debug|Any CPU.Build.0 = Debug|Any CPU
		{62AD3C0A-C69D-478A-8810-5A2B74E239F5}.Release|Any CPU.ActiveCfg = Release|Any CPU
		{62AD3C0A-C69D-478A-8810-5A2B74E239F5}.Release|Any CPU.Build.0 = Release|Any CPU
		{E7D02467-426F-475C-870F-E058E840D640}.Debug|Any CPU.ActiveCfg = Debug|Any CPU
		{E7D02467-426F-475C-870F-E058E840D640}.Debug|Any CPU.Build.0 = Debug|Any CPU
		{E7D02467-426F-475C-870F-E058E840D640}.Release|Any CPU.ActiveCfg = Release|Any CPU
		{E7D02467-426F-475C-870F-E058E840D640}.Release|Any CPU.Build.0 = Release|Any CPU
	EndGlobalSection
	GlobalSection(SolutionProperties) = preSolution
		HideSolutionNode = FALSE
	EndGlobalSection
	GlobalSection(ExtensibilityGlobals) = postSolution
		SolutionGuid = {A4683576-8E30-42A4-A517-08E1501F61FB}
	EndGlobalSection
EndGlobal
